
Microsoft Visual Studio Solution File, Format Version 12.00
Project("{2150E333-8FDC-42A3-9474-1A3956D46DE8}") = "Solution Items", "Solution Items", "{9CEA8260-EB49-412E-B858-AE8BD43DD7D8}"
	ProjectSection(SolutionItems) = preProject
		docker-compose.yml = docker-compose.yml
	EndProjectSection
EndProject
Project("{2150E333-8FDC-42A3-9474-1A3956D46DE8}") = "Application", "Application", "{7542B4D1-9032-40B6-84C3-114A3159A30C}"
EndProject
Project("{FAE04EC0-301F-11D3-BF4B-00C04F79EFBC}") = "API", "API\API.csproj", "{3377779C-5F37-44F8-B7D4-0BA353DF8A17}"
EndProject
Project("{2150E333-8FDC-42A3-9474-1A3956D46DE8}") = "Shared", "Shared", "{D9C5B5E9-BB67-4805-A263-4C7961E855F4}"
EndProject
Project("{2150E333-8FDC-42A3-9474-1A3956D46DE8}") = "Infrastructure", "Infrastructure", "{6C0A9C41-5104-462C-93F1-DE695B99E344}"
EndProject
Project("{FAE04EC0-301F-11D3-BF4B-00C04F79EFBC}") = "Database", "Database\Database.csproj", "{228AF171-1493-47D4-AD52-0A773982A107}"
EndProject
Project("{2150E333-8FDC-42A3-9474-1A3956D46DE8}") = "Domain", "Domain", "{F29FB345-5207-4DEE-885B-5AA4ACDF1EBF}"
EndProject
Project("{FAE04EC0-301F-11D3-BF4B-00C04F79EFBC}") = "Domain.Users", "Domain.Users\Domain.Users.csproj", "{4E5A1491-2C35-456A-9EBE-2271E98C2ED2}"
EndProject
Project("{FAE04EC0-301F-11D3-BF4B-00C04F79EFBC}") = "Domain.Orders", "Domain.Orders\Domain.Orders.csproj", "{C8FC2892-D74D-4D13-9F89-C3527C9B1459}"
EndProject
Project("{FAE04EC0-301F-11D3-BF4B-00C04F79EFBC}") = "Shared.Domain", "Shared.Domain\Shared.Domain.csproj", "{F911E270-5A03-4DC2-B041-C72EAE7FCB8C}"
EndProject
Project("{FAE04EC0-301F-11D3-BF4B-00C04F79EFBC}") = "Shared.Services", "Shared.Services\Shared.Services.csproj", "{23ED5CED-FC03-485F-BBBE-163DA72A2E4A}"
EndProject
Project("{2150E333-8FDC-42A3-9474-1A3956D46DE8}") = "Ultilities", "Ultilities", "{F6F5ED32-B737-428F-9882-AE1C6C13E70D}"
EndProject
Project("{FAE04EC0-301F-11D3-BF4B-00C04F79EFBC}") = "Email", "Email\Email.csproj", "{776CAAE2-D025-4C48-8012-0F7A0CAEE4AF}"
EndProject
Project("{FAE04EC0-301F-11D3-BF4B-00C04F79EFBC}") = "CronJob", "CronJob\CronJob.csproj", "{DB953BFD-CB0D-4E75-A2EC-AB8D350DDE26}"
EndProject
Project("{FAE04EC0-301F-11D3-BF4B-00C04F79EFBC}") = "Storage", "Storage\Storage.csproj", "{01B5C7D5-9C68-420E-A2A5-82376862F8C1}"
EndProject
Project("{FAE04EC0-301F-11D3-BF4B-00C04F79EFBC}") = "Shared.Infra", "Shared.Infra\Shared.Infra.csproj", "{BB1C2AEA-0840-4EEE-AC1A-B96350AC5618}"
EndProject
Project("{FAE04EC0-301F-11D3-BF4B-00C04F79EFBC}") = "Domain.Auth", "Domain.Auth\Domain.Auth.csproj", "{7D9847ED-7216-4D37-8C20-4D5E2705699A}"
EndProject
Global
	GlobalSection(SolutionConfigurationPlatforms) = preSolution
		Debug|Any CPU = Debug|Any CPU
		Release|Any CPU = Release|Any CPU
	EndGlobalSection
	GlobalSection(ProjectConfigurationPlatforms) = postSolution
		{3377779C-5F37-44F8-B7D4-0BA353DF8A17}.Debug|Any CPU.ActiveCfg = Debug|Any CPU
		{3377779C-5F37-44F8-B7D4-0BA353DF8A17}.Debug|Any CPU.Build.0 = Debug|Any CPU
		{3377779C-5F37-44F8-B7D4-0BA353DF8A17}.Release|Any CPU.ActiveCfg = Release|Any CPU
		{3377779C-5F37-44F8-B7D4-0BA353DF8A17}.Release|Any CPU.Build.0 = Release|Any CPU
		{228AF171-1493-47D4-AD52-0A773982A107}.Debug|Any CPU.ActiveCfg = Debug|Any CPU
		{228AF171-1493-47D4-AD52-0A773982A107}.Debug|Any CPU.Build.0 = Debug|Any CPU
		{228AF171-1493-47D4-AD52-0A773982A107}.Release|Any CPU.ActiveCfg = Release|Any CPU
		{228AF171-1493-47D4-AD52-0A773982A107}.Release|Any CPU.Build.0 = Release|Any CPU
		{4E5A1491-2C35-456A-9EBE-2271E98C2ED2}.Debug|Any CPU.ActiveCfg = Debug|Any CPU
		{4E5A1491-2C35-456A-9EBE-2271E98C2ED2}.Debug|Any CPU.Build.0 = Debug|Any CPU
		{4E5A1491-2C35-456A-9EBE-2271E98C2ED2}.Release|Any CPU.ActiveCfg = Release|Any CPU
		{4E5A1491-2C35-456A-9EBE-2271E98C2ED2}.Release|Any CPU.Build.0 = Release|Any CPU
		{C8FC2892-D74D-4D13-9F89-C3527C9B1459}.Debug|Any CPU.ActiveCfg = Debug|Any CPU
		{C8FC2892-D74D-4D13-9F89-C3527C9B1459}.Debug|Any CPU.Build.0 = Debug|Any CPU
		{C8FC2892-D74D-4D13-9F89-C3527C9B1459}.Release|Any CPU.ActiveCfg = Release|Any CPU
		{C8FC2892-D74D-4D13-9F89-C3527C9B1459}.Release|Any CPU.Build.0 = Release|Any CPU
		{F911E270-5A03-4DC2-B041-C72EAE7FCB8C}.Debug|Any CPU.ActiveCfg = Debug|Any CPU
		{F911E270-5A03-4DC2-B041-C72EAE7FCB8C}.Debug|Any CPU.Build.0 = Debug|Any CPU
		{F911E270-5A03-4DC2-B041-C72EAE7FCB8C}.Release|Any CPU.ActiveCfg = Release|Any CPU
		{F911E270-5A03-4DC2-B041-C72EAE7FCB8C}.Release|Any CPU.Build.0 = Release|Any CPU
		{23ED5CED-FC03-485F-BBBE-163DA72A2E4A}.Debug|Any CPU.ActiveCfg = Debug|Any CPU
		{23ED5CED-FC03-485F-BBBE-163DA72A2E4A}.Debug|Any CPU.Build.0 = Debug|Any CPU
		{23ED5CED-FC03-485F-BBBE-163DA72A2E4A}.Release|Any CPU.ActiveCfg = Release|Any CPU
		{23ED5CED-FC03-485F-BBBE-163DA72A2E4A}.Release|Any CPU.Build.0 = Release|Any CPU
		{776CAAE2-D025-4C48-8012-0F7A0CAEE4AF}.Debug|Any CPU.ActiveCfg = Debug|Any CPU
		{776CAAE2-D025-4C48-8012-0F7A0CAEE4AF}.Debug|Any CPU.Build.0 = Debug|Any CPU
		{776CAAE2-D025-4C48-8012-0F7A0CAEE4AF}.Release|Any CPU.ActiveCfg = Release|Any CPU
		{776CAAE2-D025-4C48-8012-0F7A0CAEE4AF}.Release|Any CPU.Build.0 = Release|Any CPU
		{DB953BFD-CB0D-4E75-A2EC-AB8D350DDE26}.Debug|Any CPU.ActiveCfg = Debug|Any CPU
		{DB953BFD-CB0D-4E75-A2EC-AB8D350DDE26}.Debug|Any CPU.Build.0 = Debug|Any CPU
		{DB953BFD-CB0D-4E75-A2EC-AB8D350DDE26}.Release|Any CPU.ActiveCfg = Release|Any CPU
		{DB953BFD-CB0D-4E75-A2EC-AB8D350DDE26}.Release|Any CPU.Build.0 = Release|Any CPU
		{01B5C7D5-9C68-420E-A2A5-82376862F8C1}.Debug|Any CPU.ActiveCfg = Debug|Any CPU
		{01B5C7D5-9C68-420E-A2A5-82376862F8C1}.Debug|Any CPU.Build.0 = Debug|Any CPU
		{01B5C7D5-9C68-420E-A2A5-82376862F8C1}.Release|Any CPU.ActiveCfg = Release|Any CPU
		{01B5C7D5-9C68-420E-A2A5-82376862F8C1}.Release|Any CPU.Build.0 = Release|Any CPU
		{BB1C2AEA-0840-4EEE-AC1A-B96350AC5618}.Debug|Any CPU.ActiveCfg = Debug|Any CPU
		{BB1C2AEA-0840-4EEE-AC1A-B96350AC5618}.Debug|Any CPU.Build.0 = Debug|Any CPU
		{BB1C2AEA-0840-4EEE-AC1A-B96350AC5618}.Release|Any CPU.ActiveCfg = Release|Any CPU
		{BB1C2AEA-0840-4EEE-AC1A-B96350AC5618}.Release|Any CPU.Build.0 = Release|Any CPU
		{7D9847ED-7216-4D37-8C20-4D5E2705699A}.Debug|Any CPU.ActiveCfg = Debug|Any CPU
		{7D9847ED-7216-4D37-8C20-4D5E2705699A}.Debug|Any CPU.Build.0 = Debug|Any CPU
		{7D9847ED-7216-4D37-8C20-4D5E2705699A}.Release|Any CPU.ActiveCfg = Release|Any CPU
		{7D9847ED-7216-4D37-8C20-4D5E2705699A}.Release|Any CPU.Build.0 = Release|Any CPU
	EndGlobalSection
	GlobalSection(NestedProjects) = preSolution
		{3377779C-5F37-44F8-B7D4-0BA353DF8A17} = {7542B4D1-9032-40B6-84C3-114A3159A30C}
		{228AF171-1493-47D4-AD52-0A773982A107} = {6C0A9C41-5104-462C-93F1-DE695B99E344}
		{4E5A1491-2C35-456A-9EBE-2271E98C2ED2} = {F29FB345-5207-4DEE-885B-5AA4ACDF1EBF}
		{C8FC2892-D74D-4D13-9F89-C3527C9B1459} = {F29FB345-5207-4DEE-885B-5AA4ACDF1EBF}
		{F911E270-5A03-4DC2-B041-C72EAE7FCB8C} = {D9C5B5E9-BB67-4805-A263-4C7961E855F4}
		{23ED5CED-FC03-485F-BBBE-163DA72A2E4A} = {D9C5B5E9-BB67-4805-A263-4C7961E855F4}
		{776CAAE2-D025-4C48-8012-0F7A0CAEE4AF} = {F6F5ED32-B737-428F-9882-AE1C6C13E70D}
		{DB953BFD-CB0D-4E75-A2EC-AB8D350DDE26} = {F6F5ED32-B737-428F-9882-AE1C6C13E70D}
		{01B5C7D5-9C68-420E-A2A5-82376862F8C1} = {F6F5ED32-B737-428F-9882-AE1C6C13E70D}
		{BB1C2AEA-0840-4EEE-AC1A-B96350AC5618} = {D9C5B5E9-BB67-4805-A263-4C7961E855F4}
		{7D9847ED-7216-4D37-8C20-4D5E2705699A} = {F29FB345-5207-4DEE-885B-5AA4ACDF1EBF}
	EndGlobalSection
EndGlobal
